<?xml version="1.0" encoding="utf-8"?>
<Project ToolsVersion="4.0" xmlns="http://schemas.microsoft.com/developer/msbuild/2003">
  <ItemGroup>
    <Filter Include="assets">
      <UniqueIdentifier>{607e148d-b4b8-4117-8cca-c8add8acd70b}</UniqueIdentifier>
    </Filter>
    <Filter Include="assets\C++">
      <UniqueIdentifier>{0e1db6f6-7930-4778-bf3e-44cf837843b5}</UniqueIdentifier>
    </Filter>
    <Filter Include="assets\images">
      <UniqueIdentifier>{5260bb76-0cd4-488c-805e-f2056b3fa6ff}</UniqueIdentifier>
    </Filter>
    <Filter Include="assets\images\icon">
      <UniqueIdentifier>{c260bf07-f83e-4937-b4cf-c9eefab6a990}</UniqueIdentifier>
    </Filter>
  </ItemGroup>
  <ItemGroup>
    <ClCompile Include="assets\c++\main.cpp">
      <Filter>assets\C++</Filter>
    </ClCompile>
    <ClCompile Include="assets\c++\Downloader.cpp">
      <Filter>assets\C++</Filter>
    </ClCompile>
    <ClCompile Include="assets\c++\ProgressBar.cpp">
      <Filter>assets\C++</Filter>
    </ClCompile>
  </ItemGroup>
  <ItemGroup>
    <ClInclude Include="resource.h" />
    <ClInclude Include="assets\c++\Downloader.h">
      <Filter>assets\C++</Filter>
    </ClInclude>
    <ClInclude Include="assets\c++\ProgressBar.h">
      <Filter>assets\C++</Filter>
    </ClInclude>
  </ItemGroup>
  <ItemGroup>
    <ResourceCompile Include="bootstrap.rc" />
  </ItemGroup>
  <ItemGroup>
    <Image Include="assets\images\icon\icon.ico">
      <Filter>assets\images\icon</Filter>
    </Image>
  </ItemGroup>
</Project>